
Microsoft Visual Studio Solution File, Format Version 12.00
# Visual Studio Version 17
VisualStudioVersion = 17.3.32825.248
MinimumVisualStudioVersion = 10.0.40219.1
Project("{FAE04EC0-301F-11D3-BF4B-00C04F79EFBC}") = "Prova2", "Prova2\Prova2.csproj", "{9EB4DBD1-538D-4AB9-A8C5-B6353D875758}"
EndProject
Global
	GlobalSection(SolutionConfigurationPlatforms) = preSolution
		Debug|Any CPU = Debug|Any CPU
		Release|Any CPU = Release|Any CPU
	EndGlobalSection
	GlobalSection(ProjectConfigurationPlatforms) = postSolution
		{9EB4DBD1-538D-4AB9-A8C5-B6353D875758}.Debug|Any CPU.ActiveCfg = Debug|Any CPU
		{9EB4DBD1-538D-4AB9-A8C5-B6353D875758}.Debug|Any CPU.Build.0 = Debug|Any CPU
		{9EB4DBD1-538D-4AB9-A8C5-B6353D875758}.Release|Any CPU.ActiveCfg = Release|Any CPU
		{9EB4DBD1-538D-4AB9-A8C5-B6353D875758}.Release|Any CPU.Build.0 = Release|Any CPU
	EndGlobalSection
	GlobalSection(SolutionProperties) = preSolution
		HideSolutionNode = FALSE
	EndGlobalSection
	GlobalSection(ExtensibilityGlobals) = postSolution
		SolutionGuid = {45440FF0-7F97-4E6A-8E0F-67B1B5C72B6A}
	EndGlobalSection
EndGlobal
